
Microsoft Visual Studio Solution File, Format Version 12.00
Project("{FAE04EC0-301F-11D3-BF4B-00C04F79EFBC}") = "Excalib.RabbitMQ", "Excalib.RabbitMQ\Excalib.RabbitMQ.csproj", "{7AF41673-3A39-442D-8BA0-F871DFE3E353}"
EndProject
Global
	GlobalSection(SolutionConfigurationPlatforms) = preSolution
		Debug|Any CPU = Debug|Any CPU
		Release|Any CPU = Release|Any CPU
	EndGlobalSection
	GlobalSection(ProjectConfigurationPlatforms) = postSolution
		{7AF41673-3A39-442D-8BA0-F871DFE3E353}.Debug|Any CPU.ActiveCfg = Debug|Any CPU
		{7AF41673-3A39-442D-8BA0-F871DFE3E353}.Debug|Any CPU.Build.0 = Debug|Any CPU
		{7AF41673-3A39-442D-8BA0-F871DFE3E353}.Release|Any CPU.ActiveCfg = Release|Any CPU
		{7AF41673-3A39-442D-8BA0-F871DFE3E353}.Release|Any CPU.Build.0 = Release|Any CPU
	EndGlobalSection
EndGlobal
